
Microsoft Visual Studio Solution File, Format Version 12.00
# Visual Studio Version 17
VisualStudioVersion = 17.2.32616.157
MinimumVisualStudioVersion = 10.0.40219.1
Project("{FAE04EC0-301F-11D3-BF4B-00C04F79EFBC}") = "ApiCatalogo", "ApiCatalogo\ApiCatalogo.csproj", "{588885B6-DD02-4F0A-AE3D-E3C1975019A8}"
EndProject
Global
	GlobalSection(SolutionConfigurationPlatforms) = preSolution
		Debug|Any CPU = Debug|Any CPU
		Release|Any CPU = Release|Any CPU
	EndGlobalSection
	GlobalSection(ProjectConfigurationPlatforms) = postSolution
		{588885B6-DD02-4F0A-AE3D-E3C1975019A8}.Debug|Any CPU.ActiveCfg = Debug|Any CPU
		{588885B6-DD02-4F0A-AE3D-E3C1975019A8}.Debug|Any CPU.Build.0 = Debug|Any CPU
		{588885B6-DD02-4F0A-AE3D-E3C1975019A8}.Release|Any CPU.ActiveCfg = Release|Any CPU
		{588885B6-DD02-4F0A-AE3D-E3C1975019A8}.Release|Any CPU.Build.0 = Release|Any CPU
	EndGlobalSection
	GlobalSection(SolutionProperties) = preSolution
		HideSolutionNode = FALSE
	EndGlobalSection
	GlobalSection(ExtensibilityGlobals) = postSolution
		SolutionGuid = {1BC90C68-8C33-4545-8F31-726CA6C1A43E}
	EndGlobalSection
EndGlobal
